
Microsoft Visual Studio Solution File, Format Version 12.00
Project("{2150E333-8FDC-42A3-9474-1A3956D46DE8}") = "src", "src", "{F5EE86E8-27A9-47F4-8014-99AE62467BA6}"
EndProject
Project("{2150E333-8FDC-42A3-9474-1A3956D46DE8}") = "tests", "tests", "{D8D55006-9A6B-4C28-9F32-76B5C92FD3A6}"
EndProject
Project("{2150E333-8FDC-42A3-9474-1A3956D46DE8}") = "Bootstrapper", "Bootstrapper", "{87ADAF5B-BD12-41D6-B10A-77C00C1DD22E}"
EndProject
Project("{2150E333-8FDC-42A3-9474-1A3956D46DE8}") = "Modules", "Modules", "{70BC7922-7EB7-4378-948F-8F0495542E40}"
EndProject
Project("{2150E333-8FDC-42A3-9474-1A3956D46DE8}") = "Shared", "Shared", "{E7F4C402-ABD8-4312-B90F-ED51B35E8E7E}"
EndProject
Project("{FAE04EC0-301F-11D3-BF4B-00C04F79EFBC}") = "Confab.Shared.Abstractions", "src\Shared\Confab.Shared.Abstractions\Confab.Shared.Abstractions.csproj", "{2A4B8329-AAB5-488C-9520-1AB42E8DC152}"
EndProject
Project("{FAE04EC0-301F-11D3-BF4B-00C04F79EFBC}") = "Confab.Shared.Infrastructure", "src\Shared\Confab.Shared.Infrastructure\Confab.Shared.Infrastructure.csproj", "{7476879F-F83C-49CB-BFEB-AB464EF41A87}"
EndProject
Project("{2150E333-8FDC-42A3-9474-1A3956D46DE8}") = "Conferences", "Conferences", "{02075CEF-A250-40B1-A83A-A3E22EB972C8}"
EndProject
Project("{FAE04EC0-301F-11D3-BF4B-00C04F79EFBC}") = "Confab.Modules.Conferences.Api", "src\Modules\Conferences\Confab.Modules.Conferences.Api\Confab.Modules.Conferences.Api.csproj", "{1E119428-1C0D-4F48-9BF5-571580EFC190}"
EndProject
Project("{FAE04EC0-301F-11D3-BF4B-00C04F79EFBC}") = "Confab.Modules.Conferences.Core", "src\Modules\Conferences\Confab.Modules.Conferences.Core\Confab.Modules.Conferences.Core.csproj", "{46E5B22E-FF2F-45AF-AA80-1C1685CE07BD}"
EndProject
Project("{FAE04EC0-301F-11D3-BF4B-00C04F79EFBC}") = "Confab.Bootstrapper", "src\Bootstrapper\Confab.Bootstrapper\Confab.Bootstrapper.csproj", "{ACB4A69C-CF0F-4BE4-B170-C360E696CD40}"
EndProject
Project("{2150E333-8FDC-42A3-9474-1A3956D46DE8}") = "Speakers", "Speakers", "{FE79778A-0A7E-42E5-AF90-1F621FCFDF5C}"
EndProject
Project("{FAE04EC0-301F-11D3-BF4B-00C04F79EFBC}") = "Confab.Modules.Speakers.Api", "src\Modules\Speakers\Confab.Modules.Speakers.Api\Confab.Modules.Speakers.Api.csproj", "{0A0D0C08-BFAA-40F7-8CED-56901FD11ADC}"
EndProject
Project("{FAE04EC0-301F-11D3-BF4B-00C04F79EFBC}") = "Confab.Modules.Speakers.Core", "src\Modules\Speakers\Confab.Modules.Speakers.Core\Confab.Modules.Speakers.Core.csproj", "{286464A1-C3BE-4D3B-8548-59EDA7E45A80}"
EndProject
Project("{2150E333-8FDC-42A3-9474-1A3956D46DE8}") = "Users", "Users", "{4A471D46-B810-485D-9A0E-DD29A694042C}"
EndProject
Project("{FAE04EC0-301F-11D3-BF4B-00C04F79EFBC}") = "Confab.Modules.Users.Api", "src\Modules\Users\Confab.Modules.Users.Api\Confab.Modules.Users.Api.csproj", "{3ECBCB93-1EB9-4C2B-895F-69008AAD1B25}"
EndProject
Project("{FAE04EC0-301F-11D3-BF4B-00C04F79EFBC}") = "Confab.Modules.Users.Core", "src\Modules\Users\Confab.Modules.Users.Core\Confab.Modules.Users.Core.csproj", "{8022E554-4B91-4F97-992F-3E2523331199}"
EndProject
Project("{2150E333-8FDC-42A3-9474-1A3956D46DE8}") = "Tickets", "Tickets", "{4BE9B097-FFEA-43FC-BA1C-790A6C66A0A9}"
EndProject
Project("{FAE04EC0-301F-11D3-BF4B-00C04F79EFBC}") = "Confab.Modules.Tickets.Api", "src\Modules\Tickets\Confab.Modules.Tickets.Api\Confab.Modules.Tickets.Api.csproj", "{0B8589B1-5732-4F0D-8F8B-87E806205E75}"
EndProject
Project("{FAE04EC0-301F-11D3-BF4B-00C04F79EFBC}") = "Confab.Modules.Tickets.Core", "src\Modules\Tickets\Confab.Modules.Tickets.Core\Confab.Modules.Tickets.Core.csproj", "{E84F73E1-2B60-4F23-B1BD-0CE1CC1C6405}"
EndProject
Project("{FAE04EC0-301F-11D3-BF4B-00C04F79EFBC}") = "Confab.Modules.Conferences.Messages", "src\Modules\Conferences\Confab.Modules.Conferences.Messages\Confab.Modules.Conferences.Messages.csproj", "{8AB3D5A2-6466-4F6B-81AE-F5C11E585569}"
EndProject
Global
	GlobalSection(SolutionConfigurationPlatforms) = preSolution
		Debug|Any CPU = Debug|Any CPU
		Release|Any CPU = Release|Any CPU
	EndGlobalSection
	GlobalSection(ProjectConfigurationPlatforms) = postSolution
		{2A4B8329-AAB5-488C-9520-1AB42E8DC152}.Debug|Any CPU.ActiveCfg = Debug|Any CPU
		{2A4B8329-AAB5-488C-9520-1AB42E8DC152}.Debug|Any CPU.Build.0 = Debug|Any CPU
		{2A4B8329-AAB5-488C-9520-1AB42E8DC152}.Release|Any CPU.ActiveCfg = Release|Any CPU
		{2A4B8329-AAB5-488C-9520-1AB42E8DC152}.Release|Any CPU.Build.0 = Release|Any CPU
		{7476879F-F83C-49CB-BFEB-AB464EF41A87}.Debug|Any CPU.ActiveCfg = Debug|Any CPU
		{7476879F-F83C-49CB-BFEB-AB464EF41A87}.Debug|Any CPU.Build.0 = Debug|Any CPU
		{7476879F-F83C-49CB-BFEB-AB464EF41A87}.Release|Any CPU.ActiveCfg = Release|Any CPU
		{7476879F-F83C-49CB-BFEB-AB464EF41A87}.Release|Any CPU.Build.0 = Release|Any CPU
		{1E119428-1C0D-4F48-9BF5-571580EFC190}.Debug|Any CPU.ActiveCfg = Debug|Any CPU
		{1E119428-1C0D-4F48-9BF5-571580EFC190}.Debug|Any CPU.Build.0 = Debug|Any CPU
		{1E119428-1C0D-4F48-9BF5-571580EFC190}.Release|Any CPU.ActiveCfg = Release|Any CPU
		{1E119428-1C0D-4F48-9BF5-571580EFC190}.Release|Any CPU.Build.0 = Release|Any CPU
		{46E5B22E-FF2F-45AF-AA80-1C1685CE07BD}.Debug|Any CPU.ActiveCfg = Debug|Any CPU
		{46E5B22E-FF2F-45AF-AA80-1C1685CE07BD}.Debug|Any CPU.Build.0 = Debug|Any CPU
		{46E5B22E-FF2F-45AF-AA80-1C1685CE07BD}.Release|Any CPU.ActiveCfg = Release|Any CPU
		{46E5B22E-FF2F-45AF-AA80-1C1685CE07BD}.Release|Any CPU.Build.0 = Release|Any CPU
		{ACB4A69C-CF0F-4BE4-B170-C360E696CD40}.Debug|Any CPU.ActiveCfg = Debug|Any CPU
		{ACB4A69C-CF0F-4BE4-B170-C360E696CD40}.Debug|Any CPU.Build.0 = Debug|Any CPU
		{ACB4A69C-CF0F-4BE4-B170-C360E696CD40}.Release|Any CPU.ActiveCfg = Release|Any CPU
		{ACB4A69C-CF0F-4BE4-B170-C360E696CD40}.Release|Any CPU.Build.0 = Release|Any CPU
		{0A0D0C08-BFAA-40F7-8CED-56901FD11ADC}.Debug|Any CPU.ActiveCfg = Debug|Any CPU
		{0A0D0C08-BFAA-40F7-8CED-56901FD11ADC}.Debug|Any CPU.Build.0 = Debug|Any CPU
		{0A0D0C08-BFAA-40F7-8CED-56901FD11ADC}.Release|Any CPU.ActiveCfg = Release|Any CPU
		{0A0D0C08-BFAA-40F7-8CED-56901FD11ADC}.Release|Any CPU.Build.0 = Release|Any CPU
		{286464A1-C3BE-4D3B-8548-59EDA7E45A80}.Debug|Any CPU.ActiveCfg = Debug|Any CPU
		{286464A1-C3BE-4D3B-8548-59EDA7E45A80}.Debug|Any CPU.Build.0 = Debug|Any CPU
		{286464A1-C3BE-4D3B-8548-59EDA7E45A80}.Release|Any CPU.ActiveCfg = Release|Any CPU
		{286464A1-C3BE-4D3B-8548-59EDA7E45A80}.Release|Any CPU.Build.0 = Release|Any CPU
		{3ECBCB93-1EB9-4C2B-895F-69008AAD1B25}.Debug|Any CPU.ActiveCfg = Debug|Any CPU
		{3ECBCB93-1EB9-4C2B-895F-69008AAD1B25}.Debug|Any CPU.Build.0 = Debug|Any CPU
		{3ECBCB93-1EB9-4C2B-895F-69008AAD1B25}.Release|Any CPU.ActiveCfg = Release|Any CPU
		{3ECBCB93-1EB9-4C2B-895F-69008AAD1B25}.Release|Any CPU.Build.0 = Release|Any CPU
		{8022E554-4B91-4F97-992F-3E2523331199}.Debug|Any CPU.ActiveCfg = Debug|Any CPU
		{8022E554-4B91-4F97-992F-3E2523331199}.Debug|Any CPU.Build.0 = Debug|Any CPU
		{8022E554-4B91-4F97-992F-3E2523331199}.Release|Any CPU.ActiveCfg = Release|Any CPU
		{8022E554-4B91-4F97-992F-3E2523331199}.Release|Any CPU.Build.0 = Release|Any CPU
		{0B8589B1-5732-4F0D-8F8B-87E806205E75}.Debug|Any CPU.ActiveCfg = Debug|Any CPU
		{0B8589B1-5732-4F0D-8F8B-87E806205E75}.Debug|Any CPU.Build.0 = Debug|Any CPU
		{0B8589B1-5732-4F0D-8F8B-87E806205E75}.Release|Any CPU.ActiveCfg = Release|Any CPU
		{0B8589B1-5732-4F0D-8F8B-87E806205E75}.Release|Any CPU.Build.0 = Release|Any CPU
		{E84F73E1-2B60-4F23-B1BD-0CE1CC1C6405}.Debug|Any CPU.ActiveCfg = Debug|Any CPU
		{E84F73E1-2B60-4F23-B1BD-0CE1CC1C6405}.Debug|Any CPU.Build.0 = Debug|Any CPU
		{E84F73E1-2B60-4F23-B1BD-0CE1CC1C6405}.Release|Any CPU.ActiveCfg = Release|Any CPU
		{E84F73E1-2B60-4F23-B1BD-0CE1CC1C6405}.Release|Any CPU.Build.0 = Release|Any CPU
		{8AB3D5A2-6466-4F6B-81AE-F5C11E585569}.Debug|Any CPU.ActiveCfg = Debug|Any CPU
		{8AB3D5A2-6466-4F6B-81AE-F5C11E585569}.Debug|Any CPU.Build.0 = Debug|Any CPU
		{8AB3D5A2-6466-4F6B-81AE-F5C11E585569}.Release|Any CPU.ActiveCfg = Release|Any CPU
		{8AB3D5A2-6466-4F6B-81AE-F5C11E585569}.Release|Any CPU.Build.0 = Release|Any CPU
	EndGlobalSection
	GlobalSection(NestedProjects) = preSolution
		{87ADAF5B-BD12-41D6-B10A-77C00C1DD22E} = {F5EE86E8-27A9-47F4-8014-99AE62467BA6}
		{70BC7922-7EB7-4378-948F-8F0495542E40} = {F5EE86E8-27A9-47F4-8014-99AE62467BA6}
		{E7F4C402-ABD8-4312-B90F-ED51B35E8E7E} = {F5EE86E8-27A9-47F4-8014-99AE62467BA6}
		{2A4B8329-AAB5-488C-9520-1AB42E8DC152} = {E7F4C402-ABD8-4312-B90F-ED51B35E8E7E}
		{7476879F-F83C-49CB-BFEB-AB464EF41A87} = {E7F4C402-ABD8-4312-B90F-ED51B35E8E7E}
		{02075CEF-A250-40B1-A83A-A3E22EB972C8} = {70BC7922-7EB7-4378-948F-8F0495542E40}
		{1E119428-1C0D-4F48-9BF5-571580EFC190} = {02075CEF-A250-40B1-A83A-A3E22EB972C8}
		{46E5B22E-FF2F-45AF-AA80-1C1685CE07BD} = {02075CEF-A250-40B1-A83A-A3E22EB972C8}
		{ACB4A69C-CF0F-4BE4-B170-C360E696CD40} = {87ADAF5B-BD12-41D6-B10A-77C00C1DD22E}
		{FE79778A-0A7E-42E5-AF90-1F621FCFDF5C} = {70BC7922-7EB7-4378-948F-8F0495542E40}
		{0A0D0C08-BFAA-40F7-8CED-56901FD11ADC} = {FE79778A-0A7E-42E5-AF90-1F621FCFDF5C}
		{286464A1-C3BE-4D3B-8548-59EDA7E45A80} = {FE79778A-0A7E-42E5-AF90-1F621FCFDF5C}
		{4A471D46-B810-485D-9A0E-DD29A694042C} = {70BC7922-7EB7-4378-948F-8F0495542E40}
		{3ECBCB93-1EB9-4C2B-895F-69008AAD1B25} = {4A471D46-B810-485D-9A0E-DD29A694042C}
		{8022E554-4B91-4F97-992F-3E2523331199} = {4A471D46-B810-485D-9A0E-DD29A694042C}
		{4BE9B097-FFEA-43FC-BA1C-790A6C66A0A9} = {70BC7922-7EB7-4378-948F-8F0495542E40}
		{0B8589B1-5732-4F0D-8F8B-87E806205E75} = {4BE9B097-FFEA-43FC-BA1C-790A6C66A0A9}
		{E84F73E1-2B60-4F23-B1BD-0CE1CC1C6405} = {4BE9B097-FFEA-43FC-BA1C-790A6C66A0A9}
		{8AB3D5A2-6466-4F6B-81AE-F5C11E585569} = {02075CEF-A250-40B1-A83A-A3E22EB972C8}
	EndGlobalSection
EndGlobal
