
Microsoft Visual Studio Solution File, Format Version 12.00
Project("{FAE04EC0-301F-11D3-BF4B-00C04F79EFBC}") = "Confab.Bootstrapper", "src\Bootstraper\Confab.Bootstrapper\Confab.Bootstrapper.csproj", "{EFA0AA24-951B-45F6-9678-D65F5604E679}"
EndProject
Project("{2150E333-8FDC-42A3-9474-1A3956D46DE8}") = "src", "src", "{F5EE86E8-27A9-47F4-8014-99AE62467BA6}"
EndProject
Project("{2150E333-8FDC-42A3-9474-1A3956D46DE8}") = "tests", "tests", "{D8D55006-9A6B-4C28-9F32-76B5C92FD3A6}"
EndProject
Project("{2150E333-8FDC-42A3-9474-1A3956D46DE8}") = "Bootstrapper", "Bootstrapper", "{87ADAF5B-BD12-41D6-B10A-77C00C1DD22E}"
EndProject
Project("{2150E333-8FDC-42A3-9474-1A3956D46DE8}") = "Modules", "Modules", "{70BC7922-7EB7-4378-948F-8F0495542E40}"
EndProject
Project("{2150E333-8FDC-42A3-9474-1A3956D46DE8}") = "Shared", "Shared", "{E7F4C402-ABD8-4312-B90F-ED51B35E8E7E}"
EndProject
Project("{FAE04EC0-301F-11D3-BF4B-00C04F79EFBC}") = "Confab.Shared.Abstractions", "src\Shared\Confab.Shared.Abstractions\Confab.Shared.Abstractions.csproj", "{2A4B8329-AAB5-488C-9520-1AB42E8DC152}"
EndProject
Project("{FAE04EC0-301F-11D3-BF4B-00C04F79EFBC}") = "Confab.Shared.Infrastructure", "src\Shared\Confab.Shared.Infrastructure\Confab.Shared.Infrastructure.csproj", "{7476879F-F83C-49CB-BFEB-AB464EF41A87}"
EndProject
Project("{2150E333-8FDC-42A3-9474-1A3956D46DE8}") = "Conferences", "Conferences", "{02075CEF-A250-40B1-A83A-A3E22EB972C8}"
EndProject
Project("{FAE04EC0-301F-11D3-BF4B-00C04F79EFBC}") = "Confab.Modules.Conferences.Api", "src\Modules\Conferences\Confab.Modules.Conferences.Api\Confab.Modules.Conferences.Api.csproj", "{1E119428-1C0D-4F48-9BF5-571580EFC190}"
EndProject
Project("{FAE04EC0-301F-11D3-BF4B-00C04F79EFBC}") = "Confab.Modules.Conferences.Core", "src\Modules\Conferences\Confab.Modules.Conferences.Core\Confab.Modules.Conferences.Core.csproj", "{46E5B22E-FF2F-45AF-AA80-1C1685CE07BD}"
EndProject
Global
	GlobalSection(SolutionConfigurationPlatforms) = preSolution
		Debug|Any CPU = Debug|Any CPU
		Release|Any CPU = Release|Any CPU
	EndGlobalSection
	GlobalSection(ProjectConfigurationPlatforms) = postSolution
		{EFA0AA24-951B-45F6-9678-D65F5604E679}.Debug|Any CPU.ActiveCfg = Debug|Any CPU
		{EFA0AA24-951B-45F6-9678-D65F5604E679}.Debug|Any CPU.Build.0 = Debug|Any CPU
		{EFA0AA24-951B-45F6-9678-D65F5604E679}.Release|Any CPU.ActiveCfg = Release|Any CPU
		{EFA0AA24-951B-45F6-9678-D65F5604E679}.Release|Any CPU.Build.0 = Release|Any CPU
		{2A4B8329-AAB5-488C-9520-1AB42E8DC152}.Debug|Any CPU.ActiveCfg = Debug|Any CPU
		{2A4B8329-AAB5-488C-9520-1AB42E8DC152}.Debug|Any CPU.Build.0 = Debug|Any CPU
		{2A4B8329-AAB5-488C-9520-1AB42E8DC152}.Release|Any CPU.ActiveCfg = Release|Any CPU
		{2A4B8329-AAB5-488C-9520-1AB42E8DC152}.Release|Any CPU.Build.0 = Release|Any CPU
		{7476879F-F83C-49CB-BFEB-AB464EF41A87}.Debug|Any CPU.ActiveCfg = Debug|Any CPU
		{7476879F-F83C-49CB-BFEB-AB464EF41A87}.Debug|Any CPU.Build.0 = Debug|Any CPU
		{7476879F-F83C-49CB-BFEB-AB464EF41A87}.Release|Any CPU.ActiveCfg = Release|Any CPU
		{7476879F-F83C-49CB-BFEB-AB464EF41A87}.Release|Any CPU.Build.0 = Release|Any CPU
		{1E119428-1C0D-4F48-9BF5-571580EFC190}.Debug|Any CPU.ActiveCfg = Debug|Any CPU
		{1E119428-1C0D-4F48-9BF5-571580EFC190}.Debug|Any CPU.Build.0 = Debug|Any CPU
		{1E119428-1C0D-4F48-9BF5-571580EFC190}.Release|Any CPU.ActiveCfg = Release|Any CPU
		{1E119428-1C0D-4F48-9BF5-571580EFC190}.Release|Any CPU.Build.0 = Release|Any CPU
		{46E5B22E-FF2F-45AF-AA80-1C1685CE07BD}.Debug|Any CPU.ActiveCfg = Debug|Any CPU
		{46E5B22E-FF2F-45AF-AA80-1C1685CE07BD}.Debug|Any CPU.Build.0 = Debug|Any CPU
		{46E5B22E-FF2F-45AF-AA80-1C1685CE07BD}.Release|Any CPU.ActiveCfg = Release|Any CPU
		{46E5B22E-FF2F-45AF-AA80-1C1685CE07BD}.Release|Any CPU.Build.0 = Release|Any CPU
	EndGlobalSection
	GlobalSection(NestedProjects) = preSolution
		{87ADAF5B-BD12-41D6-B10A-77C00C1DD22E} = {F5EE86E8-27A9-47F4-8014-99AE62467BA6}
		{70BC7922-7EB7-4378-948F-8F0495542E40} = {F5EE86E8-27A9-47F4-8014-99AE62467BA6}
		{E7F4C402-ABD8-4312-B90F-ED51B35E8E7E} = {F5EE86E8-27A9-47F4-8014-99AE62467BA6}
		{EFA0AA24-951B-45F6-9678-D65F5604E679} = {87ADAF5B-BD12-41D6-B10A-77C00C1DD22E}
		{2A4B8329-AAB5-488C-9520-1AB42E8DC152} = {E7F4C402-ABD8-4312-B90F-ED51B35E8E7E}
		{7476879F-F83C-49CB-BFEB-AB464EF41A87} = {E7F4C402-ABD8-4312-B90F-ED51B35E8E7E}
		{02075CEF-A250-40B1-A83A-A3E22EB972C8} = {70BC7922-7EB7-4378-948F-8F0495542E40}
		{1E119428-1C0D-4F48-9BF5-571580EFC190} = {02075CEF-A250-40B1-A83A-A3E22EB972C8}
		{46E5B22E-FF2F-45AF-AA80-1C1685CE07BD} = {02075CEF-A250-40B1-A83A-A3E22EB972C8}
	EndGlobalSection
EndGlobal
